
Microsoft Visual Studio Solution File, Format Version 12.00
# Visual Studio Version 17
VisualStudioVersion = 17.0.31903.59
MinimumVisualStudioVersion = 10.0.40219.1
Project("{FAE04EC0-301F-11D3-BF4B-00C04F79EFBC}") = "PrimeService", "PrimeService\PrimeService.csproj", "{F8CF3C63-7937-4FFF-9D7E-95A55C33EF92}"
EndProject
Project("{FAE04EC0-301F-11D3-BF4B-00C04F79EFBC}") = "PrimeService.Tests", "PrimeService.Tests\PrimeService.Tests.csproj", "{6B06C53D-B3F7-4541-8974-62C5185BBBB3}"
EndProject
Global
	GlobalSection(SolutionConfigurationPlatforms) = preSolution
		Debug|Any CPU = Debug|Any CPU
		Release|Any CPU = Release|Any CPU
	EndGlobalSection
	GlobalSection(SolutionProperties) = preSolution
		HideSolutionNode = FALSE
	EndGlobalSection
	GlobalSection(ProjectConfigurationPlatforms) = postSolution
		{F8CF3C63-7937-4FFF-9D7E-95A55C33EF92}.Debug|Any CPU.ActiveCfg = Debug|Any CPU
		{F8CF3C63-7937-4FFF-9D7E-95A55C33EF92}.Debug|Any CPU.Build.0 = Debug|Any CPU
		{F8CF3C63-7937-4FFF-9D7E-95A55C33EF92}.Release|Any CPU.ActiveCfg = Release|Any CPU
		{F8CF3C63-7937-4FFF-9D7E-95A55C33EF92}.Release|Any CPU.Build.0 = Release|Any CPU
		{6B06C53D-B3F7-4541-8974-62C5185BBBB3}.Debug|Any CPU.ActiveCfg = Debug|Any CPU
		{6B06C53D-B3F7-4541-8974-62C5185BBBB3}.Debug|Any CPU.Build.0 = Debug|Any CPU
		{6B06C53D-B3F7-4541-8974-62C5185BBBB3}.Release|Any CPU.ActiveCfg = Release|Any CPU
		{6B06C53D-B3F7-4541-8974-62C5185BBBB3}.Release|Any CPU.Build.0 = Release|Any CPU
	EndGlobalSection
EndGlobal
